PODS:
  - SquareFlowLayout (0.0.1)

DEPENDENCIES:
  - SquareFlowLayout (from `../../../`)

EXTERNAL SOURCES:
  SquareFlowLayout:
    :path: "../../../"

SPEC CHECKSUMS:
  SquareFlowLayout: 0d73954237968252ac6c9cee1fd1d9bb17aec737

PODFILE CHECKSUM: f0fe7b27d3442fdc761fabfd9bd6951bf070f9f9

COCOAPODS: 1.5.3
