PODS:
  - SquareFlowLayout (0.0.1)

DEPENDENCIES:
  - SquareFlowLayout (from `../../../`)

EXTERNAL SOURCES:
  SquareFlowLayout:
    :path: "../../../"

SPEC CHECKSUMS:
  SquareFlowLayout: def664bf2b05195473349548faf1cf89d0956502

PODFILE CHECKSUM: f0fe7b27d3442fdc761fabfd9bd6951bf070f9f9

COCOAPODS: 1.9.1
